
Microsoft Visual Studio Solution File, Format Version 12.00
# Visual Studio Version 17
VisualStudioVersion = 17.4.33103.184
MinimumVisualStudioVersion = 10.0.40219.1
Project("{9A19103F-16F7-4668-BE54-9A1E7A4F7556}") = "CarWash", "CarWash.csproj", "{FE904E7C-82F4-4E91-B1D8-EED4FBA335F3}"
EndProject
Project("{9A19103F-16F7-4668-BE54-9A1E7A4F7556}") = "EntityLayer", "..\EntityLayer\EntityLayer.csproj", "{1FB1B6B3-3479-4958-90F5-AB7585EF46A7}"
EndProject
Project("{9A19103F-16F7-4668-BE54-9A1E7A4F7556}") = "DataAccessLayer", "..\DataAccessLayer\DataAccessLayer.csproj", "{5B088247-92BE-4024-861F-A4BFB7C30CBA}"
EndProject
Project("{9A19103F-16F7-4668-BE54-9A1E7A4F7556}") = "BusinessLayer", "..\BusinessLayer\BusinessLayer.csproj", "{6BFBB29F-99D8-494E-9C42-7F7D53CB5D21}"
EndProject
Project("{FAE04EC0-301F-11D3-BF4B-00C04F79EFBC}") = "CarWash.Api", "..\CarWash.Api\CarWash.Api.csproj", "{4BFA7E63-B20B-4E72-BE80-7234999FCF96}"
EndProject
Global
	GlobalSection(SolutionConfigurationPlatforms) = preSolution
		Debug|Any CPU = Debug|Any CPU
		Release|Any CPU = Release|Any CPU
	EndGlobalSection
	GlobalSection(ProjectConfigurationPlatforms) = postSolution
		{FE904E7C-82F4-4E91-B1D8-EED4FBA335F3}.Debug|Any CPU.ActiveCfg = Debug|Any CPU
		{FE904E7C-82F4-4E91-B1D8-EED4FBA335F3}.Debug|Any CPU.Build.0 = Debug|Any CPU
		{FE904E7C-82F4-4E91-B1D8-EED4FBA335F3}.Release|Any CPU.ActiveCfg = Release|Any CPU
		{FE904E7C-82F4-4E91-B1D8-EED4FBA335F3}.Release|Any CPU.Build.0 = Release|Any CPU
		{1FB1B6B3-3479-4958-90F5-AB7585EF46A7}.Debug|Any CPU.ActiveCfg = Debug|Any CPU
		{1FB1B6B3-3479-4958-90F5-AB7585EF46A7}.Debug|Any CPU.Build.0 = Debug|Any CPU
		{1FB1B6B3-3479-4958-90F5-AB7585EF46A7}.Release|Any CPU.ActiveCfg = Release|Any CPU
		{1FB1B6B3-3479-4958-90F5-AB7585EF46A7}.Release|Any CPU.Build.0 = Release|Any CPU
		{5B088247-92BE-4024-861F-A4BFB7C30CBA}.Debug|Any CPU.ActiveCfg = Debug|Any CPU
		{5B088247-92BE-4024-861F-A4BFB7C30CBA}.Debug|Any CPU.Build.0 = Debug|Any CPU
		{5B088247-92BE-4024-861F-A4BFB7C30CBA}.Release|Any CPU.ActiveCfg = Release|Any CPU
		{5B088247-92BE-4024-861F-A4BFB7C30CBA}.Release|Any CPU.Build.0 = Release|Any CPU
		{6BFBB29F-99D8-494E-9C42-7F7D53CB5D21}.Debug|Any CPU.ActiveCfg = Debug|Any CPU
		{6BFBB29F-99D8-494E-9C42-7F7D53CB5D21}.Debug|Any CPU.Build.0 = Debug|Any CPU
		{6BFBB29F-99D8-494E-9C42-7F7D53CB5D21}.Release|Any CPU.ActiveCfg = Release|Any CPU
		{6BFBB29F-99D8-494E-9C42-7F7D53CB5D21}.Release|Any CPU.Build.0 = Release|Any CPU
		{4BFA7E63-B20B-4E72-BE80-7234999FCF96}.Debug|Any CPU.ActiveCfg = Debug|Any CPU
		{4BFA7E63-B20B-4E72-BE80-7234999FCF96}.Debug|Any CPU.Build.0 = Debug|Any CPU
		{4BFA7E63-B20B-4E72-BE80-7234999FCF96}.Release|Any CPU.ActiveCfg = Release|Any CPU
		{4BFA7E63-B20B-4E72-BE80-7234999FCF96}.Release|Any CPU.Build.0 = Release|Any CPU
	EndGlobalSection
	GlobalSection(SolutionProperties) = preSolution
		HideSolutionNode = FALSE
	EndGlobalSection
	GlobalSection(ExtensibilityGlobals) = postSolution
		SolutionGuid = {BEFF6B78-C884-42A7-BE29-C56D0353F097}
	EndGlobalSection
EndGlobal
